
Microsoft Visual Studio Solution File, Format Version 12.00
# Visual Studio Version 17
VisualStudioVersion = 17.2.32516.85
MinimumVisualStudioVersion = 10.0.40219.1
Project("{FAE04EC0-301F-11D3-BF4B-00C04F79EFBC}") = "UI", "UI\UI.csproj", "{D8642A6B-E53D-47FB-93F9-6F31FFF28644}"
EndProject
Global
	GlobalSection(SolutionConfigurationPlatforms) = preSolution
		Debug|Any CPU = Debug|Any CPU
		Release|Any CPU = Release|Any CPU
	EndGlobalSection
	GlobalSection(ProjectConfigurationPlatforms) = postSolution
		{D8642A6B-E53D-47FB-93F9-6F31FFF28644}.Debug|Any CPU.ActiveCfg = Debug|Any CPU
		{D8642A6B-E53D-47FB-93F9-6F31FFF28644}.Debug|Any CPU.Build.0 = Debug|Any CPU
		{D8642A6B-E53D-47FB-93F9-6F31FFF28644}.Release|Any CPU.ActiveCfg = Release|Any CPU
		{D8642A6B-E53D-47FB-93F9-6F31FFF28644}.Release|Any CPU.Build.0 = Release|Any CPU
	EndGlobalSection
	GlobalSection(SolutionProperties) = preSolution
		HideSolutionNode = FALSE
	EndGlobalSection
	GlobalSection(ExtensibilityGlobals) = postSolution
		SolutionGuid = {88819079-8E59-47F5-94BE-5B699DA91F90}
	EndGlobalSection
EndGlobal
